
Microsoft Visual Studio Solution File, Format Version 12.00
# Visual Studio Version 17
VisualStudioVersion = 17.2.32616.157
MinimumVisualStudioVersion = 10.0.40219.1
Project("{FAE04EC0-301F-11D3-BF4B-00C04F79EFBC}") = "ADPTest.API", "ADPTest.API\ADPTest.API.csproj", "{C7ECCBD6-0295-409F-838B-AEFCA60489FF}"
EndProject
Project("{FAE04EC0-301F-11D3-BF4B-00C04F79EFBC}") = "ADPTest.Domain", "ADPTest.Domain\ADPTest.Domain.csproj", "{1FE2690E-7CAA-4A15-8373-FA3881CF86CD}"
EndProject
Project("{FAE04EC0-301F-11D3-BF4B-00C04F79EFBC}") = "ADPTest.Repository", "ADPTest.Repository\ADPTest.Repository.csproj", "{1844F25E-CA26-4ED5-87D6-E9A2AD3CA601}"
EndProject
Project("{FAE04EC0-301F-11D3-BF4B-00C04F79EFBC}") = "ADPTest.Application", "ADPTest.Application\ADPTest.Application.csproj", "{5418225D-3DEB-471B-99B9-597B9F57B02E}"
EndProject
Project("{FAE04EC0-301F-11D3-BF4B-00C04F79EFBC}") = "ADPTest.ConsoleApp", "ADPTest.ConsoleApp\ADPTest.ConsoleApp.csproj", "{A8BFFCB3-98F2-45B6-AC64-774A265B3E38}"
EndProject
Global
	GlobalSection(SolutionConfigurationPlatforms) = preSolution
		Debug|Any CPU = Debug|Any CPU
		Release|Any CPU = Release|Any CPU
	EndGlobalSection
	GlobalSection(ProjectConfigurationPlatforms) = postSolution
		{C7ECCBD6-0295-409F-838B-AEFCA60489FF}.Debug|Any CPU.ActiveCfg = Debug|Any CPU
		{C7ECCBD6-0295-409F-838B-AEFCA60489FF}.Debug|Any CPU.Build.0 = Debug|Any CPU
		{C7ECCBD6-0295-409F-838B-AEFCA60489FF}.Release|Any CPU.ActiveCfg = Release|Any CPU
		{C7ECCBD6-0295-409F-838B-AEFCA60489FF}.Release|Any CPU.Build.0 = Release|Any CPU
		{1FE2690E-7CAA-4A15-8373-FA3881CF86CD}.Debug|Any CPU.ActiveCfg = Debug|Any CPU
		{1FE2690E-7CAA-4A15-8373-FA3881CF86CD}.Debug|Any CPU.Build.0 = Debug|Any CPU
		{1FE2690E-7CAA-4A15-8373-FA3881CF86CD}.Release|Any CPU.ActiveCfg = Release|Any CPU
		{1FE2690E-7CAA-4A15-8373-FA3881CF86CD}.Release|Any CPU.Build.0 = Release|Any CPU
		{1844F25E-CA26-4ED5-87D6-E9A2AD3CA601}.Debug|Any CPU.ActiveCfg = Debug|Any CPU
		{1844F25E-CA26-4ED5-87D6-E9A2AD3CA601}.Debug|Any CPU.Build.0 = Debug|Any CPU
		{1844F25E-CA26-4ED5-87D6-E9A2AD3CA601}.Release|Any CPU.ActiveCfg = Release|Any CPU
		{1844F25E-CA26-4ED5-87D6-E9A2AD3CA601}.Release|Any CPU.Build.0 = Release|Any CPU
		{5418225D-3DEB-471B-99B9-597B9F57B02E}.Debug|Any CPU.ActiveCfg = Debug|Any CPU
		{5418225D-3DEB-471B-99B9-597B9F57B02E}.Debug|Any CPU.Build.0 = Debug|Any CPU
		{5418225D-3DEB-471B-99B9-597B9F57B02E}.Release|Any CPU.ActiveCfg = Release|Any CPU
		{5418225D-3DEB-471B-99B9-597B9F57B02E}.Release|Any CPU.Build.0 = Release|Any CPU
		{A8BFFCB3-98F2-45B6-AC64-774A265B3E38}.Debug|Any CPU.ActiveCfg = Debug|Any CPU
		{A8BFFCB3-98F2-45B6-AC64-774A265B3E38}.Debug|Any CPU.Build.0 = Debug|Any CPU
		{A8BFFCB3-98F2-45B6-AC64-774A265B3E38}.Release|Any CPU.ActiveCfg = Release|Any CPU
		{A8BFFCB3-98F2-45B6-AC64-774A265B3E38}.Release|Any CPU.Build.0 = Release|Any CPU
	EndGlobalSection
	GlobalSection(SolutionProperties) = preSolution
		HideSolutionNode = FALSE
	EndGlobalSection
	GlobalSection(ExtensibilityGlobals) = postSolution
		SolutionGuid = {C0BCA965-30B7-4C85-B733-F19A2EAAD67C}
	EndGlobalSection
EndGlobal
